<?xml version="1.0" encoding="utf-8"?>
<Project ToolsVersion="4.0" xmlns="http://schemas.microsoft.com/developer/msbuild/2003">
  <ItemGroup>
    <Filter Include="소스 파일">
      <UniqueIdentifier>{4FC737F1-C7A5-4376-A066-2A32D752A2FF}</UniqueIdentifier>
      <Extensions>cpp;c;cc;cxx;c++;cppm;ixx;def;odl;idl;hpj;bat;asm;asmx</Extensions>
    </Filter>
    <Filter Include="리소스 파일">
      <UniqueIdentifier>{67DA6AB6-F800-4c08-8B7A-83BB121AAD01}</UniqueIdentifier>
      <Extensions>rc;ico;cur;bmp;dlg;rc2;rct;bin;rgs;gif;jpg;jpeg;jpe;resx;tiff;tif;png;wav;mfcribbon-ms</Extensions>
    </Filter>
    <Filter Include="Common">
      <UniqueIdentifier>{42b9b22d-182f-4982-9026-0e2a27c7d45e}</UniqueIdentifier>
    </Filter>
    <Filter Include="GameObject">
      <UniqueIdentifier>{b39a1068-4a76-47fe-96cd-fe743edd63d3}</UniqueIdentifier>
    </Filter>
    <Filter Include="Scene">
      <UniqueIdentifier>{d3b934f1-053c-4b64-b0bc-ec6f8333ead9}</UniqueIdentifier>
    </Filter>
    <Filter Include="Scene\title">
      <UniqueIdentifier>{16732c35-e3d5-4e20-baca-c62d1fe0ccbf}</UniqueIdentifier>
    </Filter>
    <Filter Include="Scene\EndingScene">
      <UniqueIdentifier>{19127601-04f8-4247-8b70-7ee5d34e3c60}</UniqueIdentifier>
    </Filter>
    <Filter Include="GameObject\Map">
      <UniqueIdentifier>{acd00a64-cbbe-4e43-a6d4-8d2452afd660}</UniqueIdentifier>
    </Filter>
    <Filter Include="GameObject\Player">
      <UniqueIdentifier>{d5192f7c-9db2-4ee4-9c2a-98efe7efaa10}</UniqueIdentifier>
    </Filter>
    <Filter Include="소스 파일\High_Level_interface">
      <UniqueIdentifier>{23b16132-74a7-4304-b5b7-8a8ee6138c79}</UniqueIdentifier>
    </Filter>
    <Filter Include="Scene\playScene">
      <UniqueIdentifier>{23ff30fd-29ba-48e6-8ec5-3dbbfb69b6c1}</UniqueIdentifier>
    </Filter>
    <Filter Include="Data">
      <UniqueIdentifier>{3d3eb2f9-ab8b-4eb7-a4e4-c06ef6019595}</UniqueIdentifier>
    </Filter>
    <Filter Include="GameObject\ball">
      <UniqueIdentifier>{168e6a0a-a4e0-40cc-bfaf-c0c4292cb463}</UniqueIdentifier>
    </Filter>
    <Filter Include="Lib">
      <UniqueIdentifier>{c5ca3442-05f8-4539-b696-d5a5bba8524d}</UniqueIdentifier>
    </Filter>
    <Filter Include="Manager">
      <UniqueIdentifier>{d5eef827-5279-408a-88aa-6317c5647040}</UniqueIdentifier>
    </Filter>
    <Filter Include="GameObject\House">
      <UniqueIdentifier>{c90bb78b-874f-4c3b-aab8-5649cd9df72d}</UniqueIdentifier>
    </Filter>
    <Filter Include="소스 파일\Sound">
      <UniqueIdentifier>{40d991b3-d740-4aed-9e1c-dc8dbf12b8c9}</UniqueIdentifier>
    </Filter>
  </ItemGroup>
  <ItemGroup>
    <ClCompile Include="main.cpp">
      <Filter>소스 파일</Filter>
    </ClCompile>
    <ClCompile Include="GameObject.cpp">
      <Filter>GameObject</Filter>
    </ClCompile>
    <ClCompile Include="Scene.cpp">
      <Filter>Scene</Filter>
    </ClCompile>
    <ClCompile Include="TitleScene.cpp">
      <Filter>Scene\title</Filter>
    </ClCompile>
    <ClCompile Include="PlayScene.cpp">
      <Filter>Scene\playScene</Filter>
    </ClCompile>
    <ClCompile Include="EndingScene.cpp">
      <Filter>Scene\EndingScene</Filter>
    </ClCompile>
    <ClCompile Include="Application.cpp">
      <Filter>소스 파일\High_Level_interface</Filter>
    </ClCompile>
    <ClCompile Include="Map.cpp">
      <Filter>GameObject\Map</Filter>
    </ClCompile>
    <ClCompile Include="Player.cpp">
      <Filter>GameObject\Player</Filter>
    </ClCompile>
    <ClCompile Include="Stage.cpp">
      <Filter>Data</Filter>
    </ClCompile>
    <ClCompile Include="Ball.cpp">
      <Filter>GameObject\ball</Filter>
    </ClCompile>
    <ClCompile Include="SceneManager.cpp">
      <Filter>Manager</Filter>
    </ClCompile>
    <ClCompile Include="House.cpp">
      <Filter>GameObject\House</Filter>
    </ClCompile>
    <ClCompile Include="Sound.cpp">
      <Filter>소스 파일\Sound</Filter>
    </ClCompile>
  </ItemGroup>
  <ItemGroup>
    <ClInclude Include="Application.h">
      <Filter>소스 파일\High_Level_interface</Filter>
    </ClInclude>
    <ClInclude Include="Common.h">
      <Filter>Common</Filter>
    </ClInclude>
    <ClInclude Include="yaMath.h">
      <Filter>Common</Filter>
    </ClInclude>
    <ClInclude Include="GameObject.h">
      <Filter>GameObject</Filter>
    </ClInclude>
    <ClInclude Include="Scene.h">
      <Filter>Scene</Filter>
    </ClInclude>
    <ClInclude Include="TitleScene.h">
      <Filter>Scene\title</Filter>
    </ClInclude>
    <ClInclude Include="PlayScene.h">
      <Filter>Scene\playScene</Filter>
    </ClInclude>
    <ClInclude Include="EndingScene.h">
      <Filter>Scene\EndingScene</Filter>
    </ClInclude>
    <ClInclude Include="Map.h">
      <Filter>GameObject\Map</Filter>
    </ClInclude>
    <ClInclude Include="Player.h">
      <Filter>GameObject\Player</Filter>
    </ClInclude>
    <ClInclude Include="Stage.h">
      <Filter>Data</Filter>
    </ClInclude>
    <ClInclude Include="Ball.h">
      <Filter>GameObject\ball</Filter>
    </ClInclude>
    <ClInclude Include="dynamicArr.h">
      <Filter>Lib</Filter>
    </ClInclude>
    <ClInclude Include="SceneManager.h">
      <Filter>Manager</Filter>
    </ClInclude>
    <ClInclude Include="SWList.h">
      <Filter>Lib</Filter>
    </ClInclude>
    <ClInclude Include="SWPair.h">
      <Filter>Lib</Filter>
    </ClInclude>
    <ClInclude Include="House.h">
      <Filter>GameObject\House</Filter>
    </ClInclude>
    <ClInclude Include="Sound.h">
      <Filter>소스 파일\Sound</Filter>
    </ClInclude>
  </ItemGroup>
</Project>